// !$*UTF8*$!
{
	archiveVersion = 1;
	classes = {
	};
	objectVersion = 50;
	objects = {

/* Begin PBXBuildFile section */
		4D850AD8228B22B200A22965 /* GeneralBoxDetails+Constraints.swift in Sources */ = {isa = PBXBuildFile; fileRef = 4D850AD7228B22B200A22965 /* GeneralBoxDetails+Constraints.swift */; };
		4DE44DBD22899241009FF883 /* HeaderDetails.swift in Sources */ = {isa = PBXBuildFile; fileRef = 4DE44DBC22899241009FF883 /* HeaderDetails.swift */; };
		4DE44DC222899EE3009FF883 /* FormattingCenter.swift in Sources */ = {isa = PBXBuildFile; fileRef = 4DE44DC122899EE3009FF883 /* FormattingCenter.swift */; };
		4DE44DC72289AA18009FF883 /* DetailsViewController.swift in Sources */ = {isa = PBXBuildFile; fileRef = 4DE44DC52289AA18009FF883 /* DetailsViewController.swift */; };
		4DE44DCA228AE56E009FF883 /* HeaderDetails+Constraints.swift in Sources */ = {isa = PBXBuildFile; fileRef = 4DE44DC9228AE56E009FF883 /* HeaderDetails+Constraints.swift */; };
		4DE44DCC228AE5F9009FF883 /* GeneralBoxDetails.swift in Sources */ = {isa = PBXBuildFile; fileRef = 4DE44DCB228AE5F9009FF883 /* GeneralBoxDetails.swift */; };
		A3903177228593D900EAA8CE /* CoreDataModel.xcdatamodeld in Sources */ = {isa = PBXBuildFile; fileRef = A3903175228593D900EAA8CE /* CoreDataModel.xcdatamodeld */; };
		A390317922859AA100EAA8CE /* CoreDataManager.swift in Sources */ = {isa = PBXBuildFile; fileRef = A390317822859AA100EAA8CE /* CoreDataManager.swift */; };
		A390317E2287198D00EAA8CE /* Place+methods.swift in Sources */ = {isa = PBXBuildFile; fileRef = A390317D2287198D00EAA8CE /* Place+methods.swift */; };
		A390318022871BB700EAA8CE /* NSManagedObject+DataAccessMethods.swift in Sources */ = {isa = PBXBuildFile; fileRef = A390317F22871BB700EAA8CE /* NSManagedObject+DataAccessMethods.swift */; };
		A39031822287593900EAA8CE /* AddPlaceViewController.swift in Sources */ = {isa = PBXBuildFile; fileRef = A39031812287593900EAA8CE /* AddPlaceViewController.swift */; };
		A39031862287667700EAA8CE /* CoreDataManagerTests.swift in Sources */ = {isa = PBXBuildFile; fileRef = A39031852287667700EAA8CE /* CoreDataManagerTests.swift */; };
		A39031912288452C00EAA8CE /* PlaceTests.swift in Sources */ = {isa = PBXBuildFile; fileRef = A39031902288452C00EAA8CE /* PlaceTests.swift */; };
		A3999D732284521B0024FFC7 /* MapViewController.swift in Sources */ = {isa = PBXBuildFile; fileRef = A3999D722284521B0024FFC7 /* MapViewController.swift */; };
		A3999D772284599E0024FFC7 /* ReportViewController.swift in Sources */ = {isa = PBXBuildFile; fileRef = A3999D762284599E0024FFC7 /* ReportViewController.swift */; };
		A3999D79228459DE0024FFC7 /* RatingViewController.swift in Sources */ = {isa = PBXBuildFile; fileRef = A3999D78228459DE0024FFC7 /* RatingViewController.swift */; };
		A3999D7B22845AC00024FFC7 /* ProfileViewController.swift in Sources */ = {isa = PBXBuildFile; fileRef = A3999D7A22845AC00024FFC7 /* ProfileViewController.swift */; };
		E8B8D08E22772F2600E3DA59 /* AppDelegate.swift in Sources */ = {isa = PBXBuildFile; fileRef = E8B8D08D22772F2600E3DA59 /* AppDelegate.swift */; };
		E8B8D09522772F2800E3DA59 /* Assets.xcassets in Resources */ = {isa = PBXBuildFile; fileRef = E8B8D09422772F2800E3DA59 /* Assets.xcassets */; };
		E8B8D09822772F2800E3DA59 /* LaunchScreen.storyboard in Resources */ = {isa = PBXBuildFile; fileRef = E8B8D09622772F2800E3DA59 /* LaunchScreen.storyboard */; };
		E8B8D0AE22772F2800E3DA59 /* CampUITests.swift in Sources */ = {isa = PBXBuildFile; fileRef = E8B8D0AD22772F2800E3DA59 /* CampUITests.swift */; };
/* End PBXBuildFile section */

/* Begin PBXContainerItemProxy section */
		E8B8D09F22772F2800E3DA59 /* PBXContainerItemProxy */ = {
			isa = PBXContainerItemProxy;
			containerPortal = E8B8D08222772F2600E3DA59 /* Project object */;
			proxyType = 1;
			remoteGlobalIDString = E8B8D08922772F2600E3DA59;
			remoteInfo = Camp;
		};
		E8B8D0AA22772F2800E3DA59 /* PBXContainerItemProxy */ = {
			isa = PBXContainerItemProxy;
			containerPortal = E8B8D08222772F2600E3DA59 /* Project object */;
			proxyType = 1;
			remoteGlobalIDString = E8B8D08922772F2600E3DA59;
			remoteInfo = Camp;
		};
/* End PBXContainerItemProxy section */

/* Begin PBXFileReference section */
		4D850AD7228B22B200A22965 /* GeneralBoxDetails+Constraints.swift */ = {isa = PBXFileReference; lastKnownFileType = sourcecode.swift; path = "GeneralBoxDetails+Constraints.swift"; sourceTree = "<group>"; };
		4DE44DBC22899241009FF883 /* HeaderDetails.swift */ = {isa = PBXFileReference; lastKnownFileType = sourcecode.swift; path = HeaderDetails.swift; sourceTree = "<group>"; };
		4DE44DC122899EE3009FF883 /* FormattingCenter.swift */ = {isa = PBXFileReference; lastKnownFileType = sourcecode.swift; name = FormattingCenter.swift; path = "Camp/views/base-components/FormattingCenter.swift"; sourceTree = SOURCE_ROOT; };
		4DE44DC52289AA18009FF883 /* DetailsViewController.swift */ = {isa = PBXFileReference; lastKnownFileType = sourcecode.swift; path = DetailsViewController.swift; sourceTree = "<group>"; };
		4DE44DC9228AE56E009FF883 /* HeaderDetails+Constraints.swift */ = {isa = PBXFileReference; lastKnownFileType = sourcecode.swift; path = "HeaderDetails+Constraints.swift"; sourceTree = "<group>"; };
		4DE44DCB228AE5F9009FF883 /* GeneralBoxDetails.swift */ = {isa = PBXFileReference; lastKnownFileType = sourcecode.swift; path = GeneralBoxDetails.swift; sourceTree = "<group>"; };
		A3903176228593D900EAA8CE /* CoreDataModel.xcdatamodel */ = {isa = PBXFileReference; lastKnownFileType = wrapper.xcdatamodel; path = CoreDataModel.xcdatamodel; sourceTree = "<group>"; };
		A390317822859AA100EAA8CE /* CoreDataManager.swift */ = {isa = PBXFileReference; lastKnownFileType = sourcecode.swift; path = CoreDataManager.swift; sourceTree = "<group>"; };
		A390317D2287198D00EAA8CE /* Place+methods.swift */ = {isa = PBXFileReference; lastKnownFileType = sourcecode.swift; path = "Place+methods.swift"; sourceTree = "<group>"; };
		A390317F22871BB700EAA8CE /* NSManagedObject+DataAccessMethods.swift */ = {isa = PBXFileReference; lastKnownFileType = sourcecode.swift; path = "NSManagedObject+DataAccessMethods.swift"; sourceTree = "<group>"; };
		A39031812287593900EAA8CE /* AddPlaceViewController.swift */ = {isa = PBXFileReference; lastKnownFileType = sourcecode.swift; path = AddPlaceViewController.swift; sourceTree = "<group>"; };
		A39031852287667700EAA8CE /* CoreDataManagerTests.swift */ = {isa = PBXFileReference; lastKnownFileType = sourcecode.swift; path = CoreDataManagerTests.swift; sourceTree = "<group>"; };
		A39031902288452C00EAA8CE /* PlaceTests.swift */ = {isa = PBXFileReference; lastKnownFileType = sourcecode.swift; path = PlaceTests.swift; sourceTree = "<group>"; };
		A3999D722284521B0024FFC7 /* MapViewController.swift */ = {isa = PBXFileReference; lastKnownFileType = sourcecode.swift; path = MapViewController.swift; sourceTree = "<group>"; };
		A3999D762284599E0024FFC7 /* ReportViewController.swift */ = {isa = PBXFileReference; lastKnownFileType = sourcecode.swift; path = ReportViewController.swift; sourceTree = "<group>"; };
		A3999D78228459DE0024FFC7 /* RatingViewController.swift */ = {isa = PBXFileReference; lastKnownFileType = sourcecode.swift; path = RatingViewController.swift; sourceTree = "<group>"; };
		A3999D7A22845AC00024FFC7 /* ProfileViewController.swift */ = {isa = PBXFileReference; lastKnownFileType = sourcecode.swift; path = ProfileViewController.swift; sourceTree = "<group>"; };
		E8B8D08A22772F2600E3DA59 /* Camp.app */ = {isa = PBXFileReference; explicitFileType = wrapper.application; includeInIndex = 0; path = Camp.app; sourceTree = BUILT_PRODUCTS_DIR; };
		E8B8D08D22772F2600E3DA59 /* AppDelegate.swift */ = {isa = PBXFileReference; lastKnownFileType = sourcecode.swift; path = AppDelegate.swift; sourceTree = "<group>"; };
		E8B8D09422772F2800E3DA59 /* Assets.xcassets */ = {isa = PBXFileReference; lastKnownFileType = folder.assetcatalog; path = Assets.xcassets; sourceTree = "<group>"; };
		E8B8D09722772F2800E3DA59 /* Base */ = {isa = PBXFileReference; lastKnownFileType = file.storyboard; name = Base; path = Base.lproj/LaunchScreen.storyboard; sourceTree = "<group>"; };
		E8B8D09922772F2800E3DA59 /* Info.plist */ = {isa = PBXFileReference; lastKnownFileType = text.plist.xml; path = Info.plist; sourceTree = "<group>"; };
		E8B8D09E22772F2800E3DA59 /* CampTests.xctest */ = {isa = PBXFileReference; explicitFileType = wrapper.cfbundle; includeInIndex = 0; path = CampTests.xctest; sourceTree = BUILT_PRODUCTS_DIR; };
		E8B8D0A422772F2800E3DA59 /* Info.plist */ = {isa = PBXFileReference; lastKnownFileType = text.plist.xml; path = Info.plist; sourceTree = "<group>"; };
		E8B8D0A922772F2800E3DA59 /* CampUITests.xctest */ = {isa = PBXFileReference; explicitFileType = wrapper.cfbundle; includeInIndex = 0; path = CampUITests.xctest; sourceTree = BUILT_PRODUCTS_DIR; };
		E8B8D0AD22772F2800E3DA59 /* CampUITests.swift */ = {isa = PBXFileReference; lastKnownFileType = sourcecode.swift; path = CampUITests.swift; sourceTree = "<group>"; };
		E8B8D0AF22772F2800E3DA59 /* Info.plist */ = {isa = PBXFileReference; lastKnownFileType = text.plist.xml; path = Info.plist; sourceTree = "<group>"; };
/* End PBXFileReference section */

/* Begin PBXFrameworksBuildPhase section */
		E8B8D08722772F2600E3DA59 /* Frameworks */ = {
			isa = PBXFrameworksBuildPhase;
			buildActionMask = 2147483647;
			files = (
			);
			runOnlyForDeploymentPostprocessing = 0;
		};
		E8B8D09B22772F2800E3DA59 /* Frameworks */ = {
			isa = PBXFrameworksBuildPhase;
			buildActionMask = 2147483647;
			files = (
			);
			runOnlyForDeploymentPostprocessing = 0;
		};
		E8B8D0A622772F2800E3DA59 /* Frameworks */ = {
			isa = PBXFrameworksBuildPhase;
			buildActionMask = 2147483647;
			files = (
			);
			runOnlyForDeploymentPostprocessing = 0;
		};
/* End PBXFrameworksBuildPhase section */

/* Begin PBXGroup section */
		4DE44DAF22899105009FF883 /* base-components */ = {
			isa = PBXGroup;
			children = (
				4DE44DBC22899241009FF883 /* HeaderDetails.swift */,
				4DE44DC9228AE56E009FF883 /* HeaderDetails+Constraints.swift */,
				4DE44DCB228AE5F9009FF883 /* GeneralBoxDetails.swift */,
				4D850AD7228B22B200A22965 /* GeneralBoxDetails+Constraints.swift */,
			);
			path = "base-components";
			sourceTree = "<group>";
		};
		A390318722877FA500EAA8CE /* services */ = {
			isa = PBXGroup;
			children = (
				A390318822877FB000EAA8CE /* core-data */,
			);
			path = services;
			sourceTree = "<group>";
		};
		A390318822877FB000EAA8CE /* core-data */ = {
			isa = PBXGroup;
			children = (
				A39031852287667700EAA8CE /* CoreDataManagerTests.swift */,
			);
			path = "core-data";
			sourceTree = "<group>";
		};
		A390318922877FC600EAA8CE /* models */ = {
			isa = PBXGroup;
			children = (
				A39031902288452C00EAA8CE /* PlaceTests.swift */,
			);
			path = models;
			sourceTree = "<group>";
		};
		A3999D6722844F760024FFC7 /* views */ = {
			isa = PBXGroup;
			children = (
				E8B8D09622772F2800E3DA59 /* LaunchScreen.storyboard */,
				4DE44DAF22899105009FF883 /* base-components */,
				A3999D69228450030024FFC7 /* custom-cells */,
			);
			path = views;
			sourceTree = "<group>";
		};
		A3999D69228450030024FFC7 /* custom-cells */ = {
			isa = PBXGroup;
			children = (
			);
			path = "custom-cells";
			sourceTree = "<group>";
		};
		A3999D6A228450180024FFC7 /* controllers */ = {
			isa = PBXGroup;
			children = (
				A3999D722284521B0024FFC7 /* MapViewController.swift */,
				A3999D762284599E0024FFC7 /* ReportViewController.swift */,
				A3999D78228459DE0024FFC7 /* RatingViewController.swift */,
				A3999D7A22845AC00024FFC7 /* ProfileViewController.swift */,
				4DE44DC52289AA18009FF883 /* DetailsViewController.swift */,
				A39031812287593900EAA8CE /* AddPlaceViewController.swift */,
			);
			path = controllers;
			sourceTree = "<group>";
		};
		A3999D6B2284501F0024FFC7 /* models */ = {
			isa = PBXGroup;
			children = (
				A390317D2287198D00EAA8CE /* Place+methods.swift */,
			);
			path = models;
			sourceTree = "<group>";
		};
		A3999D6C2284502A0024FFC7 /* services */ = {
			isa = PBXGroup;
			children = (
				A3999D6E228450470024FFC7 /* core-data */,
				A3999D6D228450380024FFC7 /* networking */,
			);
			path = services;
			sourceTree = "<group>";
		};
		A3999D6D228450380024FFC7 /* networking */ = {
			isa = PBXGroup;
			children = (
			);
			path = networking;
			sourceTree = "<group>";
		};
		A3999D6E228450470024FFC7 /* core-data */ = {
			isa = PBXGroup;
			children = (
				A3903175228593D900EAA8CE /* CoreDataModel.xcdatamodeld */,
				A390317822859AA100EAA8CE /* CoreDataManager.swift */,
				A390317F22871BB700EAA8CE /* NSManagedObject+DataAccessMethods.swift */,
			);
			path = "core-data";
			sourceTree = "<group>";
		};
		A3999D6F228450540024FFC7 /* utils */ = {
			isa = PBXGroup;
			children = (
				4DE44DC122899EE3009FF883 /* FormattingCenter.swift */,
			);
			path = utils;
			sourceTree = "<group>";
		};
		A3999D70228450680024FFC7 /* application */ = {
			isa = PBXGroup;
			children = (
				E8B8D08D22772F2600E3DA59 /* AppDelegate.swift */,
			);
			path = application;
			sourceTree = "<group>";
		};
		A3999D71228450710024FFC7 /* assets */ = {
			isa = PBXGroup;
			children = (
				E8B8D09422772F2800E3DA59 /* Assets.xcassets */,
			);
			path = assets;
			sourceTree = "<group>";
		};
		E8B8D08122772F2600E3DA59 = {
			isa = PBXGroup;
			children = (
				E8B8D08C22772F2600E3DA59 /* Camp */,
				E8B8D0A122772F2800E3DA59 /* CampTests */,
				E8B8D0AC22772F2800E3DA59 /* CampUITests */,
				E8B8D08B22772F2600E3DA59 /* Products */,
			);
			sourceTree = "<group>";
		};
		E8B8D08B22772F2600E3DA59 /* Products */ = {
			isa = PBXGroup;
			children = (
				E8B8D08A22772F2600E3DA59 /* Camp.app */,
				E8B8D09E22772F2800E3DA59 /* CampTests.xctest */,
				E8B8D0A922772F2800E3DA59 /* CampUITests.xctest */,
			);
			name = Products;
			sourceTree = "<group>";
		};
		E8B8D08C22772F2600E3DA59 /* Camp */ = {
			isa = PBXGroup;
			children = (
				A3999D71228450710024FFC7 /* assets */,
				A3999D70228450680024FFC7 /* application */,
				A3999D6F228450540024FFC7 /* utils */,
				A3999D6C2284502A0024FFC7 /* services */,
				A3999D6B2284501F0024FFC7 /* models */,
				A3999D6A228450180024FFC7 /* controllers */,
				A3999D6722844F760024FFC7 /* views */,
				E8B8D09922772F2800E3DA59 /* Info.plist */,
			);
			path = Camp;
			sourceTree = "<group>";
		};
		E8B8D0A122772F2800E3DA59 /* CampTests */ = {
			isa = PBXGroup;
			children = (
				A390318922877FC600EAA8CE /* models */,
				A390318722877FA500EAA8CE /* services */,
				E8B8D0A422772F2800E3DA59 /* Info.plist */,
			);
			path = CampTests;
			sourceTree = "<group>";
		};
		E8B8D0AC22772F2800E3DA59 /* CampUITests */ = {
			isa = PBXGroup;
			children = (
				E8B8D0AD22772F2800E3DA59 /* CampUITests.swift */,
				E8B8D0AF22772F2800E3DA59 /* Info.plist */,
			);
			path = CampUITests;
			sourceTree = "<group>";
		};
/* End PBXGroup section */

/* Begin PBXNativeTarget section */
		E8B8D08922772F2600E3DA59 /* Camp */ = {
			isa = PBXNativeTarget;
			buildConfigurationList = E8B8D0B222772F2800E3DA59 /* Build configuration list for PBXNativeTarget "Camp" */;
			buildPhases = (
				A3999D65228320770024FFC7 /* Swift Lint */,
				E8B8D08622772F2600E3DA59 /* Sources */,
				E8B8D08722772F2600E3DA59 /* Frameworks */,
				E8B8D08822772F2600E3DA59 /* Resources */,
			);
			buildRules = (
			);
			dependencies = (
			);
			name = Camp;
			productName = Camp;
			productReference = E8B8D08A22772F2600E3DA59 /* Camp.app */;
			productType = "com.apple.product-type.application";
		};
		E8B8D09D22772F2800E3DA59 /* CampTests */ = {
			isa = PBXNativeTarget;
			buildConfigurationList = E8B8D0B522772F2800E3DA59 /* Build configuration list for PBXNativeTarget "CampTests" */;
			buildPhases = (
				E8B8D09A22772F2800E3DA59 /* Sources */,
				E8B8D09B22772F2800E3DA59 /* Frameworks */,
				E8B8D09C22772F2800E3DA59 /* Resources */,
			);
			buildRules = (
			);
			dependencies = (
				E8B8D0A022772F2800E3DA59 /* PBXTargetDependency */,
			);
			name = CampTests;
			productName = CampTests;
			productReference = E8B8D09E22772F2800E3DA59 /* CampTests.xctest */;
			productType = "com.apple.product-type.bundle.unit-test";
		};
		E8B8D0A822772F2800E3DA59 /* CampUITests */ = {
			isa = PBXNativeTarget;
			buildConfigurationList = E8B8D0B822772F2800E3DA59 /* Build configuration list for PBXNativeTarget "CampUITests" */;
			buildPhases = (
				E8B8D0A522772F2800E3DA59 /* Sources */,
				E8B8D0A622772F2800E3DA59 /* Frameworks */,
				E8B8D0A722772F2800E3DA59 /* Resources */,
			);
			buildRules = (
			);
			dependencies = (
				E8B8D0AB22772F2800E3DA59 /* PBXTargetDependency */,
			);
			name = CampUITests;
			productName = CampUITests;
			productReference = E8B8D0A922772F2800E3DA59 /* CampUITests.xctest */;
			productType = "com.apple.product-type.bundle.ui-testing";
		};
/* End PBXNativeTarget section */

/* Begin PBXProject section */
		E8B8D08222772F2600E3DA59 /* Project object */ = {
			isa = PBXProject;
			attributes = {
				LastSwiftUpdateCheck = 1020;
				LastUpgradeCheck = 1020;
				ORGANIZATIONNAME = "Rennan Rebouças";
				TargetAttributes = {
					E8B8D08922772F2600E3DA59 = {
						CreatedOnToolsVersion = 10.2;
					};
					E8B8D09D22772F2800E3DA59 = {
						CreatedOnToolsVersion = 10.2;
						TestTargetID = E8B8D08922772F2600E3DA59;
					};
					E8B8D0A822772F2800E3DA59 = {
						CreatedOnToolsVersion = 10.2;
						TestTargetID = E8B8D08922772F2600E3DA59;
					};
				};
			};
			buildConfigurationList = E8B8D08522772F2600E3DA59 /* Build configuration list for PBXProject "Camp" */;
			compatibilityVersion = "Xcode 9.3";
			developmentRegion = en;
			hasScannedForEncodings = 0;
			knownRegions = (
				en,
				Base,
			);
			mainGroup = E8B8D08122772F2600E3DA59;
			productRefGroup = E8B8D08B22772F2600E3DA59 /* Products */;
			projectDirPath = "";
			projectRoot = "";
			targets = (
				E8B8D08922772F2600E3DA59 /* Camp */,
				E8B8D09D22772F2800E3DA59 /* CampTests */,
				E8B8D0A822772F2800E3DA59 /* CampUITests */,
			);
		};
/* End PBXProject section */

/* Begin PBXResourcesBuildPhase section */
		E8B8D08822772F2600E3DA59 /* Resources */ = {
			isa = PBXResourcesBuildPhase;
			buildActionMask = 2147483647;
			files = (
				E8B8D09822772F2800E3DA59 /* LaunchScreen.storyboard in Resources */,
				E8B8D09522772F2800E3DA59 /* Assets.xcassets in Resources */,
			);
			runOnlyForDeploymentPostprocessing = 0;
		};
		E8B8D09C22772F2800E3DA59 /* Resources */ = {
			isa = PBXResourcesBuildPhase;
			buildActionMask = 2147483647;
			files = (
			);
			runOnlyForDeploymentPostprocessing = 0;
		};
		E8B8D0A722772F2800E3DA59 /* Resources */ = {
			isa = PBXResourcesBuildPhase;
			buildActionMask = 2147483647;
			files = (
			);
			runOnlyForDeploymentPostprocessing = 0;
		};
/* End PBXResourcesBuildPhase section */

/* Begin PBXShellScriptBuildPhase section */
		A3999D65228320770024FFC7 /* Swift Lint */ = {
			isa = PBXShellScriptBuildPhase;
			buildActionMask = 2147483647;
			files = (
			);
			inputFileListPaths = (
			);
			inputPaths = (
			);
			name = "Swift Lint";
			outputFileListPaths = (
			);
			outputPaths = (
			);
			runOnlyForDeploymentPostprocessing = 0;
			shellPath = /bin/sh;
			shellScript = "if which swiftlint >/dev/null; then\nswiftlint\nelse\necho \"warning: SwiftLint not installed, download from https://github.com/realm/SwiftLint\"\nfi\n";
		};
/* End PBXShellScriptBuildPhase section */

/* Begin PBXSourcesBuildPhase section */
		E8B8D08622772F2600E3DA59 /* Sources */ = {
			isa = PBXSourcesBuildPhase;
			buildActionMask = 2147483647;
			files = (
				A390317E2287198D00EAA8CE /* Place+methods.swift in Sources */,
				A39031822287593900EAA8CE /* AddPlaceViewController.swift in Sources */,
				A3999D7B22845AC00024FFC7 /* ProfileViewController.swift in Sources */,
				A3999D772284599E0024FFC7 /* ReportViewController.swift in Sources */,
				A3999D79228459DE0024FFC7 /* RatingViewController.swift in Sources */,
				4DE44DCA228AE56E009FF883 /* HeaderDetails+Constraints.swift in Sources */,
				4DE44DC72289AA18009FF883 /* DetailsViewController.swift in Sources */,
				A390318022871BB700EAA8CE /* NSManagedObject+DataAccessMethods.swift in Sources */,
				A3999D732284521B0024FFC7 /* MapViewController.swift in Sources */,
				4DE44DBD22899241009FF883 /* HeaderDetails.swift in Sources */,
				4DE44DC222899EE3009FF883 /* FormattingCenter.swift in Sources */,
				E8B8D08E22772F2600E3DA59 /* AppDelegate.swift in Sources */,
				4DE44DCC228AE5F9009FF883 /* GeneralBoxDetails.swift in Sources */,
				A3903177228593D900EAA8CE /* CoreDataModel.xcdatamodeld in Sources */,
				4D850AD8228B22B200A22965 /* GeneralBoxDetails+Constraints.swift in Sources */,
				A390317922859AA100EAA8CE /* CoreDataManager.swift in Sources */,
			);
			runOnlyForDeploymentPostprocessing = 0;
		};
		E8B8D09A22772F2800E3DA59 /* Sources */ = {
			isa = PBXSourcesBuildPhase;
			buildActionMask = 2147483647;
			files = (
				A39031862287667700EAA8CE /* CoreDataManagerTests.swift in Sources */,
				A39031912288452C00EAA8CE /* PlaceTests.swift in Sources */,
			);
			runOnlyForDeploymentPostprocessing = 0;
		};
		E8B8D0A522772F2800E3DA59 /* Sources */ = {
			isa = PBXSourcesBuildPhase;
			buildActionMask = 2147483647;
			files = (
				E8B8D0AE22772F2800E3DA59 /* CampUITests.swift in Sources */,
			);
			runOnlyForDeploymentPostprocessing = 0;
		};
/* End PBXSourcesBuildPhase section */

/* Begin PBXTargetDependency section */
		E8B8D0A022772F2800E3DA59 /* PBXTargetDependency */ = {
			isa = PBXTargetDependency;
			target = E8B8D08922772F2600E3DA59 /* Camp */;
			targetProxy = E8B8D09F22772F2800E3DA59 /* PBXContainerItemProxy */;
		};
		E8B8D0AB22772F2800E3DA59 /* PBXTargetDependency */ = {
			isa = PBXTargetDependency;
			target = E8B8D08922772F2600E3DA59 /* Camp */;
			targetProxy = E8B8D0AA22772F2800E3DA59 /* PBXContainerItemProxy */;
		};
/* End PBXTargetDependency section */

/* Begin PBXVariantGroup section */
		E8B8D09622772F2800E3DA59 /* LaunchScreen.storyboard */ = {
			isa = PBXVariantGroup;
			children = (
				E8B8D09722772F2800E3DA59 /* Base */,
			);
			name = LaunchScreen.storyboard;
			sourceTree = "<group>";
		};
/* End PBXVariantGroup section */

/* Begin XCBuildConfiguration section */
		E8B8D0B022772F2800E3DA59 /* Debug */ = {
			isa = XCBuildConfiguration;
			buildSettings = {
				ALWAYS_SEARCH_USER_PATHS = NO;
				CLANG_ANALYZER_NONNULL = YES;
				CLANG_ANALYZER_NUMBER_OBJECT_CONVERSION = YES_AGGRESSIVE;
				CLANG_CXX_LANGUAGE_STANDARD = "gnu++14";
				CLANG_CXX_LIBRARY = "libc++";
				CLANG_ENABLE_MODULES = YES;
				CLANG_ENABLE_OBJC_ARC = YES;
				CLANG_ENABLE_OBJC_WEAK = YES;
				CLANG_WARN_BLOCK_CAPTURE_AUTORELEASING = YES;
				CLANG_WARN_BOOL_CONVERSION = YES;
				CLANG_WARN_COMMA = YES;
				CLANG_WARN_CONSTANT_CONVERSION = YES;
				CLANG_WARN_DEPRECATED_OBJC_IMPLEMENTATIONS = YES;
				CLANG_WARN_DIRECT_OBJC_ISA_USAGE = YES_ERROR;
				CLANG_WARN_DOCUMENTATION_COMMENTS = YES;
				CLANG_WARN_EMPTY_BODY = YES;
				CLANG_WARN_ENUM_CONVERSION = YES;
				CLANG_WARN_INFINITE_RECURSION = YES;
				CLANG_WARN_INT_CONVERSION = YES;
				CLANG_WARN_NON_LITERAL_NULL_CONVERSION = YES;
				CLANG_WARN_OBJC_IMPLICIT_RETAIN_SELF = YES;
				CLANG_WARN_OBJC_LITERAL_CONVERSION = YES;
				CLANG_WARN_OBJC_ROOT_CLASS = YES_ERROR;
				CLANG_WARN_RANGE_LOOP_ANALYSIS = YES;
				CLANG_WARN_STRICT_PROTOTYPES = YES;
				CLANG_WARN_SUSPICIOUS_MOVE = YES;
				CLANG_WARN_UNGUARDED_AVAILABILITY = YES_AGGRESSIVE;
				CLANG_WARN_UNREACHABLE_CODE = YES;
				CLANG_WARN__DUPLICATE_METHOD_MATCH = YES;
				CODE_SIGN_IDENTITY = "iPhone Developer";
				COPY_PHASE_STRIP = NO;
				DEBUG_INFORMATION_FORMAT = dwarf;
				ENABLE_STRICT_OBJC_MSGSEND = YES;
				ENABLE_TESTABILITY = YES;
				GCC_C_LANGUAGE_STANDARD = gnu11;
				GCC_DYNAMIC_NO_PIC = NO;
				GCC_NO_COMMON_BLOCKS = YES;
				GCC_OPTIMIZATION_LEVEL = 0;
				GCC_PREPROCESSOR_DEFINITIONS = (
					"DEBUG=1",
					"$(inherited)",
				);
				GCC_WARN_64_TO_32_BIT_CONVERSION = YES;
				GCC_WARN_ABOUT_RETURN_TYPE = YES_ERROR;
				GCC_WARN_UNDECLARED_SELECTOR = YES;
				GCC_WARN_UNINITIALIZED_AUTOS = YES_AGGRESSIVE;
				GCC_WARN_UNUSED_FUNCTION = YES;
				GCC_WARN_UNUSED_VARIABLE = YES;
				IPHONEOS_DEPLOYMENT_TARGET = 12.2;
				MTL_ENABLE_DEBUG_INFO = INCLUDE_SOURCE;
				MTL_FAST_MATH = YES;
				ONLY_ACTIVE_ARCH = YES;
				SDKROOT = iphoneos;
				SWIFT_ACTIVE_COMPILATION_CONDITIONS = DEBUG;
				SWIFT_OPTIMIZATION_LEVEL = "-Onone";
			};
			name = Debug;
		};
		E8B8D0B122772F2800E3DA59 /* Release */ = {
			isa = XCBuildConfiguration;
			buildSettings = {
				ALWAYS_SEARCH_USER_PATHS = NO;
				CLANG_ANALYZER_NONNULL = YES;
				CLANG_ANALYZER_NUMBER_OBJECT_CONVERSION = YES_AGGRESSIVE;
				CLANG_CXX_LANGUAGE_STANDARD = "gnu++14";
				CLANG_CXX_LIBRARY = "libc++";
				CLANG_ENABLE_MODULES = YES;
				CLANG_ENABLE_OBJC_ARC = YES;
				CLANG_ENABLE_OBJC_WEAK = YES;
				CLANG_WARN_BLOCK_CAPTURE_AUTORELEASING = YES;
				CLANG_WARN_BOOL_CONVERSION = YES;
				CLANG_WARN_COMMA = YES;
				CLANG_WARN_CONSTANT_CONVERSION = YES;
				CLANG_WARN_DEPRECATED_OBJC_IMPLEMENTATIONS = YES;
				CLANG_WARN_DIRECT_OBJC_ISA_USAGE = YES_ERROR;
				CLANG_WARN_DOCUMENTATION_COMMENTS = YES;
				CLANG_WARN_EMPTY_BODY = YES;
				CLANG_WARN_ENUM_CONVERSION = YES;
				CLANG_WARN_INFINITE_RECURSION = YES;
				CLANG_WARN_INT_CONVERSION = YES;
				CLANG_WARN_NON_LITERAL_NULL_CONVERSION = YES;
				CLANG_WARN_OBJC_IMPLICIT_RETAIN_SELF = YES;
				CLANG_WARN_OBJC_LITERAL_CONVERSION = YES;
				CLANG_WARN_OBJC_ROOT_CLASS = YES_ERROR;
				CLANG_WARN_RANGE_LOOP_ANALYSIS = YES;
				CLANG_WARN_STRICT_PROTOTYPES = YES;
				CLANG_WARN_SUSPICIOUS_MOVE = YES;
				CLANG_WARN_UNGUARDED_AVAILABILITY = YES_AGGRESSIVE;
				CLANG_WARN_UNREACHABLE_CODE = YES;
				CLANG_WARN__DUPLICATE_METHOD_MATCH = YES;
				CODE_SIGN_IDENTITY = "iPhone Developer";
				COPY_PHASE_STRIP = NO;
				DEBUG_INFORMATION_FORMAT = "dwarf-with-dsym";
				ENABLE_NS_ASSERTIONS = NO;
				ENABLE_STRICT_OBJC_MSGSEND = YES;
				GCC_C_LANGUAGE_STANDARD = gnu11;
				GCC_NO_COMMON_BLOCKS = YES;
				GCC_WARN_64_TO_32_BIT_CONVERSION = YES;
				GCC_WARN_ABOUT_RETURN_TYPE = YES_ERROR;
				GCC_WARN_UNDECLARED_SELECTOR = YES;
				GCC_WARN_UNINITIALIZED_AUTOS = YES_AGGRESSIVE;
				GCC_WARN_UNUSED_FUNCTION = YES;
				GCC_WARN_UNUSED_VARIABLE = YES;
				IPHONEOS_DEPLOYMENT_TARGET = 12.2;
				MTL_ENABLE_DEBUG_INFO = NO;
				MTL_FAST_MATH = YES;
				SDKROOT = iphoneos;
				SWIFT_COMPILATION_MODE = wholemodule;
				SWIFT_OPTIMIZATION_LEVEL = "-O";
				VALIDATE_PRODUCT = YES;
			};
			name = Release;
		};
		E8B8D0B322772F2800E3DA59 /* Debug */ = {
			isa = XCBuildConfiguration;
			buildSettings = {
				ASSETCATALOG_COMPILER_APPICON_NAME = AppIcon;
				CODE_SIGN_STYLE = Automatic;
				DEVELOPMENT_TEAM = GM73VGBYQV;
				INFOPLIST_FILE = Camp/Info.plist;
				LD_RUNPATH_SEARCH_PATHS = (
					"$(inherited)",
					"@executable_path/Frameworks",
				);
				PRODUCT_BUNDLE_IDENTIFIER = "Rennan-Rebouc-as.Camp";
				PRODUCT_NAME = "$(TARGET_NAME)";
				SWIFT_VERSION = 5.0;
				TARGETED_DEVICE_FAMILY = "1,2";
			};
			name = Debug;
		};
		E8B8D0B422772F2800E3DA59 /* Release */ = {
			isa = XCBuildConfiguration;
			buildSettings = {
				ASSETCATALOG_COMPILER_APPICON_NAME = AppIcon;
				CODE_SIGN_STYLE = Automatic;
				DEVELOPMENT_TEAM = GM73VGBYQV;
				INFOPLIST_FILE = Camp/Info.plist;
				LD_RUNPATH_SEARCH_PATHS = (
					"$(inherited)",
					"@executable_path/Frameworks",
				);
				PRODUCT_BUNDLE_IDENTIFIER = "Rennan-Rebouc-as.Camp";
				PRODUCT_NAME = "$(TARGET_NAME)";
				SWIFT_VERSION = 5.0;
				TARGETED_DEVICE_FAMILY = "1,2";
			};
			name = Release;
		};
		E8B8D0B622772F2800E3DA59 /* Debug */ = {
			isa = XCBuildConfiguration;
			buildSettings = {
				ALWAYS_EMBED_SWIFT_STANDARD_LIBRARIES = YES;
				BUNDLE_LOADER = "$(TEST_HOST)";
				CODE_SIGN_STYLE = Automatic;
				DEVELOPMENT_TEAM = MK2CL4Y92D;
				INFOPLIST_FILE = CampTests/Info.plist;
				LD_RUNPATH_SEARCH_PATHS = (
					"$(inherited)",
					"@executable_path/Frameworks",
					"@loader_path/Frameworks",
				);
				PRODUCT_BUNDLE_IDENTIFIER = "Rennan-Rebouc-as.CampTests";
				PRODUCT_NAME = "$(TARGET_NAME)";
				SWIFT_VERSION = 5.0;
				TARGETED_DEVICE_FAMILY = "1,2";
				TEST_HOST = "$(BUILT_PRODUCTS_DIR)/Camp.app/Camp";
			};
			name = Debug;
		};
		E8B8D0B722772F2800E3DA59 /* Release */ = {
			isa = XCBuildConfiguration;
			buildSettings = {
				ALWAYS_EMBED_SWIFT_STANDARD_LIBRARIES = YES;
				BUNDLE_LOADER = "$(TEST_HOST)";
				CODE_SIGN_STYLE = Automatic;
				DEVELOPMENT_TEAM = MK2CL4Y92D;
				INFOPLIST_FILE = CampTests/Info.plist;
				LD_RUNPATH_SEARCH_PATHS = (
					"$(inherited)",
					"@executable_path/Frameworks",
					"@loader_path/Frameworks",
				);
				PRODUCT_BUNDLE_IDENTIFIER = "Rennan-Rebouc-as.CampTests";
				PRODUCT_NAME = "$(TARGET_NAME)";
				SWIFT_VERSION = 5.0;
				TARGETED_DEVICE_FAMILY = "1,2";
				TEST_HOST = "$(BUILT_PRODUCTS_DIR)/Camp.app/Camp";
			};
			name = Release;
		};
		E8B8D0B922772F2800E3DA59 /* Debug */ = {
			isa = XCBuildConfiguration;
			buildSettings = {
				ALWAYS_EMBED_SWIFT_STANDARD_LIBRARIES = YES;
				CODE_SIGN_STYLE = Automatic;
				DEVELOPMENT_TEAM = 7SH46749RP;
				INFOPLIST_FILE = CampUITests/Info.plist;
				LD_RUNPATH_SEARCH_PATHS = (
					"$(inherited)",
					"@executable_path/Frameworks",
					"@loader_path/Frameworks",
				);
				PRODUCT_BUNDLE_IDENTIFIER = "Rennan-Rebouc-as.CampUITests";
				PRODUCT_NAME = "$(TARGET_NAME)";
				SWIFT_VERSION = 5.0;
				TARGETED_DEVICE_FAMILY = "1,2";
				TEST_TARGET_NAME = Camp;
			};
			name = Debug;
		};
		E8B8D0BA22772F2800E3DA59 /* Release */ = {
			isa = XCBuildConfiguration;
			buildSettings = {
				ALWAYS_EMBED_SWIFT_STANDARD_LIBRARIES = YES;
				CODE_SIGN_STYLE = Automatic;
				DEVELOPMENT_TEAM = 7SH46749RP;
				INFOPLIST_FILE = CampUITests/Info.plist;
				LD_RUNPATH_SEARCH_PATHS = (
					"$(inherited)",
					"@executable_path/Frameworks",
					"@loader_path/Frameworks",
				);
				PRODUCT_BUNDLE_IDENTIFIER = "Rennan-Rebouc-as.CampUITests";
				PRODUCT_NAME = "$(TARGET_NAME)";
				SWIFT_VERSION = 5.0;
				TARGETED_DEVICE_FAMILY = "1,2";
				TEST_TARGET_NAME = Camp;
			};
			name = Release;
		};
/* End XCBuildConfiguration section */

/* Begin XCConfigurationList section */
		E8B8D08522772F2600E3DA59 /* Build configuration list for PBXProject "Camp" */ = {
			isa = XCConfigurationList;
			buildConfigurations = (
				E8B8D0B022772F2800E3DA59 /* Debug */,
				E8B8D0B122772F2800E3DA59 /* Release */,
			);
			defaultConfigurationIsVisible = 0;
			defaultConfigurationName = Release;
		};
		E8B8D0B222772F2800E3DA59 /* Build configuration list for PBXNativeTarget "Camp" */ = {
			isa = XCConfigurationList;
			buildConfigurations = (
				E8B8D0B322772F2800E3DA59 /* Debug */,
				E8B8D0B422772F2800E3DA59 /* Release */,
			);
			defaultConfigurationIsVisible = 0;
			defaultConfigurationName = Release;
		};
		E8B8D0B522772F2800E3DA59 /* Build configuration list for PBXNativeTarget "CampTests" */ = {
			isa = XCConfigurationList;
			buildConfigurations = (
				E8B8D0B622772F2800E3DA59 /* Debug */,
				E8B8D0B722772F2800E3DA59 /* Release */,
			);
			defaultConfigurationIsVisible = 0;
			defaultConfigurationName = Release;
		};
		E8B8D0B822772F2800E3DA59 /* Build configuration list for PBXNativeTarget "CampUITests" */ = {
			isa = XCConfigurationList;
			buildConfigurations = (
				E8B8D0B922772F2800E3DA59 /* Debug */,
				E8B8D0BA22772F2800E3DA59 /* Release */,
			);
			defaultConfigurationIsVisible = 0;
			defaultConfigurationName = Release;
		};
/* End XCConfigurationList section */

/* Begin XCVersionGroup section */
		A3903175228593D900EAA8CE /* CoreDataModel.xcdatamodeld */ = {
			isa = XCVersionGroup;
			children = (
				A3903176228593D900EAA8CE /* CoreDataModel.xcdatamodel */,
			);
			currentVersion = A3903176228593D900EAA8CE /* CoreDataModel.xcdatamodel */;
			path = CoreDataModel.xcdatamodeld;
			sourceTree = "<group>";
			versionGroupType = wrapper.xcdatamodel;
		};
/* End XCVersionGroup section */
	};
	rootObject = E8B8D08222772F2600E3DA59 /* Project object */;
}
